
Microsoft Visual Studio Solution File, Format Version 12.00
# Visual Studio Version 17
VisualStudioVersion = 17.9.34607.119
MinimumVisualStudioVersion = 10.0.40219.1
Project("{9A19103F-16F7-4668-BE54-9A1E7A4F7556}") = "ChallengeApp", "ChallengeApp\ChallengeApp.csproj", "{62A92454-AC40-424A-B110-F778BAF80B4C}"
EndProject
Project("{FAE04EC0-301F-11D3-BF4B-00C04F79EFBC}") = "ChallengeApp.Test", "ChallengeApp.Test\ChallengeApp.Test.csproj", "{EF4FE1E6-5E0B-4877-B9F3-D66A7B43FF1A}"
EndProject
Global
	GlobalSection(SolutionConfigurationPlatforms) = preSolution
		Debug|Any CPU = Debug|Any CPU
		Release|Any CPU = Release|Any CPU
	EndGlobalSection
	GlobalSection(ProjectConfigurationPlatforms) = postSolution
		{62A92454-AC40-424A-B110-F778BAF80B4C}.Debug|Any CPU.ActiveCfg = Debug|Any CPU
		{62A92454-AC40-424A-B110-F778BAF80B4C}.Debug|Any CPU.Build.0 = Debug|Any CPU
		{62A92454-AC40-424A-B110-F778BAF80B4C}.Release|Any CPU.ActiveCfg = Release|Any CPU
		{62A92454-AC40-424A-B110-F778BAF80B4C}.Release|Any CPU.Build.0 = Release|Any CPU
		{EF4FE1E6-5E0B-4877-B9F3-D66A7B43FF1A}.Debug|Any CPU.ActiveCfg = Debug|Any CPU
		{EF4FE1E6-5E0B-4877-B9F3-D66A7B43FF1A}.Debug|Any CPU.Build.0 = Debug|Any CPU
		{EF4FE1E6-5E0B-4877-B9F3-D66A7B43FF1A}.Release|Any CPU.ActiveCfg = Release|Any CPU
		{EF4FE1E6-5E0B-4877-B9F3-D66A7B43FF1A}.Release|Any CPU.Build.0 = Release|Any CPU
	EndGlobalSection
	GlobalSection(SolutionProperties) = preSolution
		HideSolutionNode = FALSE
	EndGlobalSection
	GlobalSection(ExtensibilityGlobals) = postSolution
		SolutionGuid = {C1FDF263-DE3D-44EF-B6A7-1D48861444AB}
	EndGlobalSection
EndGlobal
